
Microsoft Visual Studio Solution File, Format Version 12.00
# Visual Studio Version 16
VisualStudioVersion = 16.0.31112.23
MinimumVisualStudioVersion = 10.0.40219.1
Project("{9A19103F-16F7-4668-BE54-9A1E7A4F7556}") = "my-books", "my-books\my-books.csproj", "{176EAA25-48C5-41EC-A4CB-E40A35F84D5C}"
EndProject
Project("{FAE04EC0-301F-11D3-BF4B-00C04F79EFBC}") = "my-books-tests", "my-books-tests\my-books-tests.csproj", "{F727D4DF-866A-44C1-AAF5-642046D2B83B}"
EndProject
Global
	GlobalSection(SolutionConfigurationPlatforms) = preSolution
		Debug|Any CPU = Debug|Any CPU
		Release|Any CPU = Release|Any CPU
	EndGlobalSection
	GlobalSection(ProjectConfigurationPlatforms) = postSolution
		{176EAA25-48C5-41EC-A4CB-E40A35F84D5C}.Debug|Any CPU.ActiveCfg = Debug|Any CPU
		{176EAA25-48C5-41EC-A4CB-E40A35F84D5C}.Debug|Any CPU.Build.0 = Debug|Any CPU
		{176EAA25-48C5-41EC-A4CB-E40A35F84D5C}.Release|Any CPU.ActiveCfg = Release|Any CPU
		{176EAA25-48C5-41EC-A4CB-E40A35F84D5C}.Release|Any CPU.Build.0 = Release|Any CPU
		{F727D4DF-866A-44C1-AAF5-642046D2B83B}.Debug|Any CPU.ActiveCfg = Debug|Any CPU
		{F727D4DF-866A-44C1-AAF5-642046D2B83B}.Debug|Any CPU.Build.0 = Debug|Any CPU
		{F727D4DF-866A-44C1-AAF5-642046D2B83B}.Release|Any CPU.ActiveCfg = Release|Any CPU
		{F727D4DF-866A-44C1-AAF5-642046D2B83B}.Release|Any CPU.Build.0 = Release|Any CPU
	EndGlobalSection
	GlobalSection(SolutionProperties) = preSolution
		HideSolutionNode = FALSE
	EndGlobalSection
	GlobalSection(ExtensibilityGlobals) = postSolution
		SolutionGuid = {D6C6BAFC-F855-4E58-A754-D970DA0D5540}
	EndGlobalSection
EndGlobal
